
Microsoft Visual Studio Solution File, Format Version 12.00
# Visual Studio Version 17
VisualStudioVersion = 17.7.34024.191
MinimumVisualStudioVersion = 10.0.40219.1
Project("{FAE04EC0-301F-11D3-BF4B-00C04F79EFBC}") = "XadrezConsole", "XadrezConsole\XadrezConsole.csproj", "{9DE26F93-5FAE-43A3-A395-1E99673B2E45}"
EndProject
Global
	GlobalSection(SolutionConfigurationPlatforms) = preSolution
		Debug|Any CPU = Debug|Any CPU
		Release|Any CPU = Release|Any CPU
	EndGlobalSection
	GlobalSection(ProjectConfigurationPlatforms) = postSolution
		{9DE26F93-5FAE-43A3-A395-1E99673B2E45}.Debug|Any CPU.ActiveCfg = Debug|Any CPU
		{9DE26F93-5FAE-43A3-A395-1E99673B2E45}.Debug|Any CPU.Build.0 = Debug|Any CPU
		{9DE26F93-5FAE-43A3-A395-1E99673B2E45}.Release|Any CPU.ActiveCfg = Release|Any CPU
		{9DE26F93-5FAE-43A3-A395-1E99673B2E45}.Release|Any CPU.Build.0 = Release|Any CPU
	EndGlobalSection
	GlobalSection(SolutionProperties) = preSolution
		HideSolutionNode = FALSE
	EndGlobalSection
	GlobalSection(ExtensibilityGlobals) = postSolution
		SolutionGuid = {7052877B-06B5-4A4C-BFE2-0954D86A257D}
	EndGlobalSection
EndGlobal
